// !$*UTF8*$!
{
	archiveVersion = 1;
	classes = {
	};
	objectVersion = 46;
	objects = {

/* Begin PBXBuildFile section */
		B2D1AB8A1BC411B300200250 /* AppDelegate.swift in Sources */ = {isa = PBXBuildFile; fileRef = B2D1AB891BC411B300200250 /* AppDelegate.swift */; };
		B2D1AB8C1BC411B300200250 /* ViewController.swift in Sources */ = {isa = PBXBuildFile; fileRef = B2D1AB8B1BC411B300200250 /* ViewController.swift */; };
		B2D1AB8F1BC411B300200250 /* Main.storyboard in Resources */ = {isa = PBXBuildFile; fileRef = B2D1AB8D1BC411B300200250 /* Main.storyboard */; };
		B2D1AB911BC411B300200250 /* Assets.xcassets in Resources */ = {isa = PBXBuildFile; fileRef = B2D1AB901BC411B300200250 /* Assets.xcassets */; };
		B2D1AB941BC411B300200250 /* LaunchScreen.storyboard in Resources */ = {isa = PBXBuildFile; fileRef = B2D1AB921BC411B300200250 /* LaunchScreen.storyboard */; };
		B2D1AB9F1BC411B300200250 /* travisTestTests.swift in Sources */ = {isa = PBXBuildFile; fileRef = B2D1AB9E1BC411B300200250 /* travisTestTests.swift */; };
/* End PBXBuildFile section */

/* Begin PBXContainerItemProxy section */
		B2D1AB9B1BC411B300200250 /* PBXContainerItemProxy */ = {
			isa = PBXContainerItemProxy;
			containerPortal = B2D1AB7E1BC411B300200250 /* Project object */;
			proxyType = 1;
			remoteGlobalIDString = B2D1AB851BC411B300200250;
			remoteInfo = travisTest;
		};
/* End PBXContainerItemProxy section */

/* Begin PBXFileReference section */
		B2D1AB861BC411B300200250 /* travisTest.app */ = {isa = PBXFileReference; explicitFileType = wrapper.application; includeInIndex = 0; path = travisTest.app; sourceTree = BUILT_PRODUCTS_DIR; };
		B2D1AB891BC411B300200250 /* AppDelegate.swift */ = {isa = PBXFileReference; lastKnownFileType = sourcecode.swift; path = AppDelegate.swift; sourceTree = "<group>"; };
		B2D1AB8B1BC411B300200250 /* ViewController.swift */ = {isa = PBXFileReference; lastKnownFileType = sourcecode.swift; path = ViewController.swift; sourceTree = "<group>"; };
		B2D1AB8E1BC411B300200250 /* Base */ = {isa = PBXFileReference; lastKnownFileType = file.storyboard; name = Base; path = Base.lproj/Main.storyboard; sourceTree = "<group>"; };
		B2D1AB901BC411B300200250 /* Assets.xcassets */ = {isa = PBXFileReference; lastKnownFileType = folder.assetcatalog; path = Assets.xcassets; sourceTree = "<group>"; };
		B2D1AB931BC411B300200250 /* Base */ = {isa = PBXFileReference; lastKnownFileType = file.storyboard; name = Base; path = Base.lproj/LaunchScreen.storyboard; sourceTree = "<group>"; };
		B2D1AB951BC411B300200250 /* Info.plist */ = {isa = PBXFileReference; lastKnownFileType = text.plist.xml; path = Info.plist; sourceTree = "<group>"; };
		B2D1AB9A1BC411B300200250 /* travisTestTests.xctest */ = {isa = PBXFileReference; explicitFileType = wrapper.cfbundle; includeInIndex = 0; path = travisTestTests.xctest; sourceTree = BUILT_PRODUCTS_DIR; };
		B2D1AB9E1BC411B300200250 /* travisTestTests.swift */ = {isa = PBXFileReference; lastKnownFileType = sourcecode.swift; path = travisTestTests.swift; sourceTree = "<group>"; };
		B2D1ABA01BC411B300200250 /* Info.plist */ = {isa = PBXFileReference; lastKnownFileType = text.plist.xml; path = Info.plist; sourceTree = "<group>"; };
/* End PBXFileReference section */

/* Begin PBXFrameworksBuildPhase section */
		B2D1AB831BC411B300200250 /* Frameworks */ = {
			isa = PBXFrameworksBuildPhase;
			buildActionMask = 2147483647;
			files = (
			);
			runOnlyForDeploymentPostprocessing = 0;
		};
		B2D1AB971BC411B300200250 /* Frameworks */ = {
			isa = PBXFrameworksBuildPhase;
			buildActionMask = 2147483647;
			files = (
			);
			runOnlyForDeploymentPostprocessing = 0;
		};
/* End PBXFrameworksBuildPhase section */

/* Begin PBXGroup section */
		B2D1AB7D1BC411B300200250 = {
			isa = PBXGroup;
			children = (
				B2D1AB881BC411B300200250 /* travisTest */,
				B2D1AB9D1BC411B300200250 /* travisTestTests */,
				B2D1AB871BC411B300200250 /* Products */,
			);
			sourceTree = "<group>";
		};
		B2D1AB871BC411B300200250 /* Products */ = {
			isa = PBXGroup;
			children = (
				B2D1AB861BC411B300200250 /* travisTest.app */,
				B2D1AB9A1BC411B300200250 /* travisTestTests.xctest */,
			);
			name = Products;
			sourceTree = "<group>";
		};
		B2D1AB881BC411B300200250 /* travisTest */ = {
			isa = PBXGroup;
			children = (
				B2D1AB891BC411B300200250 /* AppDelegate.swift */,
				B2D1AB8B1BC411B300200250 /* ViewController.swift */,
				B2D1AB8D1BC411B300200250 /* Main.storyboard */,
				B2D1AB901BC411B300200250 /* Assets.xcassets */,
				B2D1AB921BC411B300200250 /* LaunchScreen.storyboard */,
				B2D1AB951BC411B300200250 /* Info.plist */,
			);
			path = travisTest;
			sourceTree = "<group>";
		};
		B2D1AB9D1BC411B300200250 /* travisTestTests */ = {
			isa = PBXGroup;
			children = (
				B2D1AB9E1BC411B300200250 /* travisTestTests.swift */,
				B2D1ABA01BC411B300200250 /* Info.plist */,
			);
			path = travisTestTests;
			sourceTree = "<group>";
		};
/* End PBXGroup section */

/* Begin PBXNativeTarget section */
		B2D1AB851BC411B300200250 /* travisTest */ = {
			isa = PBXNativeTarget;
			buildConfigurationList = B2D1ABA31BC411B300200250 /* Build configuration list for PBXNativeTarget "travisTest" */;
			buildPhases = (
				B2D1AB821BC411B300200250 /* Sources */,
				B2D1AB831BC411B300200250 /* Frameworks */,
				B2D1AB841BC411B300200250 /* Resources */,
			);
			buildRules = (
			);
			dependencies = (
			);
			name = travisTest;
			productName = travisTest;
			productReference = B2D1AB861BC411B300200250 /* travisTest.app */;
			productType = "com.apple.product-type.application";
		};
		B2D1AB991BC411B300200250 /* travisTestTests */ = {
			isa = PBXNativeTarget;
			buildConfigurationList = B2D1ABA61BC411B300200250 /* Build configuration list for PBXNativeTarget "travisTestTests" */;
			buildPhases = (
				B2D1AB961BC411B300200250 /* Sources */,
				B2D1AB971BC411B300200250 /* Frameworks */,
				B2D1AB981BC411B300200250 /* Resources */,
			);
			buildRules = (
			);
			dependencies = (
				B2D1AB9C1BC411B300200250 /* PBXTargetDependency */,
			);
			name = travisTestTests;
			productName = travisTestTests;
			productReference = B2D1AB9A1BC411B300200250 /* travisTestTests.xctest */;
			productType = "com.apple.product-type.bundle.unit-test";
		};
/* End PBXNativeTarget section */

/* Begin PBXProject section */
		B2D1AB7E1BC411B300200250 /* Project object */ = {
			isa = PBXProject;
			attributes = {
				LastUpgradeCheck = 0700;
				ORGANIZATIONNAME = WillowTree;
				TargetAttributes = {
					B2D1AB851BC411B300200250 = {
						CreatedOnToolsVersion = 7.0;
					};
					B2D1AB991BC411B300200250 = {
						CreatedOnToolsVersion = 7.0;
						TestTargetID = B2D1AB851BC411B300200250;
					};
				};
			};
			buildConfigurationList = B2D1AB811BC411B300200250 /* Build configuration list for PBXProject "travisTest" */;
			compatibilityVersion = "Xcode 3.2";
			developmentRegion = English;
			hasScannedForEncodings = 0;
			knownRegions = (
				en,
				Base,
			);
			mainGroup = B2D1AB7D1BC411B300200250;
			productRefGroup = B2D1AB871BC411B300200250 /* Products */;
			projectDirPath = "";
			projectRoot = "";
			targets = (
				B2D1AB851BC411B300200250 /* travisTest */,
				B2D1AB991BC411B300200250 /* travisTestTests */,
			);
		};
/* End PBXProject section */

/* Begin PBXResourcesBuildPhase section */
		B2D1AB841BC411B300200250 /* Resources */ = {
			isa = PBXResourcesBuildPhase;
			buildActionMask = 2147483647;
			files = (
				B2D1AB941BC411B300200250 /* LaunchScreen.storyboard in Resources */,
				B2D1AB911BC411B300200250 /* Assets.xcassets in Resources */,
				B2D1AB8F1BC411B300200250 /* Main.storyboard in Resources */,
			);
			runOnlyForDeploymentPostprocessing = 0;
		};
		B2D1AB981BC411B300200250 /* Resources */ = {
			isa = PBXResourcesBuildPhase;
			buildActionMask = 2147483647;
			files = (
			);
			runOnlyForDeploymentPostprocessing = 0;
		};
/* End PBXResourcesBuildPhase section */

/* Begin PBXSourcesBuildPhase section */
		B2D1AB821BC411B300200250 /* Sources */ = {
			isa = PBXSourcesBuildPhase;
			buildActionMask = 2147483647;
			files = (
				B2D1AB8C1BC411B300200250 /* ViewController.swift in Sources */,
				B2D1AB8A1BC411B300200250 /* AppDelegate.swift in Sources */,
			);
			runOnlyForDeploymentPostprocessing = 0;
		};
		B2D1AB961BC411B300200250 /* Sources */ = {
			isa = PBXSourcesBuildPhase;
			buildActionMask = 2147483647;
			files = (
				B2D1AB9F1BC411B300200250 /* travisTestTests.swift in Sources */,
			);
			runOnlyForDeploymentPostprocessing = 0;
		};
/* End PBXSourcesBuildPhase section */

/* Begin PBXTargetDependency section */
		B2D1AB9C1BC411B300200250 /* PBXTargetDependency */ = {
			isa = PBXTargetDependency;
			target = B2D1AB851BC411B300200250 /* travisTest */;
			targetProxy = B2D1AB9B1BC411B300200250 /* PBXContainerItemProxy */;
		};
/* End PBXTargetDependency section */

/* Begin PBXVariantGroup section */
		B2D1AB8D1BC411B300200250 /* Main.storyboard */ = {
			isa = PBXVariantGroup;
			children = (
				B2D1AB8E1BC411B300200250 /* Base */,
			);
			name = Main.storyboard;
			sourceTree = "<group>";
		};
		B2D1AB921BC411B300200250 /* LaunchScreen.storyboard */ = {
			isa = PBXVariantGroup;
			children = (
				B2D1AB931BC411B300200250 /* Base */,
			);
			name = LaunchScreen.storyboard;
			sourceTree = "<group>";
		};
/* End PBXVariantGroup section */

/* Begin XCBuildConfiguration section */
		B2D1ABA11BC411B300200250 /* Debug */ = {
			isa = XCBuildConfiguration;
			buildSettings = {
				ALWAYS_SEARCH_USER_PATHS = NO;
				CLANG_CXX_LANGUAGE_STANDARD = "gnu++0x";
				CLANG_CXX_LIBRARY = "libc++";
				CLANG_ENABLE_MODULES = YES;
				CLANG_ENABLE_OBJC_ARC = YES;
				CLANG_WARN_BOOL_CONVERSION = YES;
				CLANG_WARN_CONSTANT_CONVERSION = YES;
				CLANG_WARN_DIRECT_OBJC_ISA_USAGE = YES_ERROR;
				CLANG_WARN_EMPTY_BODY = YES;
				CLANG_WARN_ENUM_CONVERSION = YES;
				CLANG_WARN_INT_CONVERSION = YES;
				CLANG_WARN_OBJC_ROOT_CLASS = YES_ERROR;
				CLANG_WARN_UNREACHABLE_CODE = YES;
				CLANG_WARN__DUPLICATE_METHOD_MATCH = YES;
				"CODE_SIGN_IDENTITY[sdk=iphoneos*]" = "iPhone Developer";
				COPY_PHASE_STRIP = NO;
				DEBUG_INFORMATION_FORMAT = dwarf;
				ENABLE_STRICT_OBJC_MSGSEND = YES;
				ENABLE_TESTABILITY = YES;
				GCC_C_LANGUAGE_STANDARD = gnu99;
				GCC_DYNAMIC_NO_PIC = NO;
				GCC_NO_COMMON_BLOCKS = YES;
				GCC_OPTIMIZATION_LEVEL = 0;
				GCC_PREPROCESSOR_DEFINITIONS = (
					"DEBUG=1",
					"$(inherited)",
				);
				GCC_WARN_64_TO_32_BIT_CONVERSION = YES;
				GCC_WARN_ABOUT_RETURN_TYPE = YES_ERROR;
				GCC_WARN_UNDECLARED_SELECTOR = YES;
				GCC_WARN_UNINITIALIZED_AUTOS = YES_AGGRESSIVE;
				GCC_WARN_UNUSED_FUNCTION = YES;
				GCC_WARN_UNUSED_VARIABLE = YES;
				IPHONEOS_DEPLOYMENT_TARGET = 9.0;
				MTL_ENABLE_DEBUG_INFO = YES;
				ONLY_ACTIVE_ARCH = YES;
				SDKROOT = iphoneos;
				SWIFT_OPTIMIZATION_LEVEL = "-Onone";
			};
			name = Debug;
		};
		B2D1ABA21BC411B300200250 /* Release */ = {
			isa = XCBuildConfiguration;
			buildSettings = {
				ALWAYS_SEARCH_USER_PATHS = NO;
				CLANG_CXX_LANGUAGE_STANDARD = "gnu++0x";
				CLANG_CXX_LIBRARY = "libc++";
				CLANG_ENABLE_MODULES = YES;
				CLANG_ENABLE_OBJC_ARC = YES;
				CLANG_WARN_BOOL_CONVERSION = YES;
				CLANG_WARN_CONSTANT_CONVERSION = YES;
				CLANG_WARN_DIRECT_OBJC_ISA_USAGE = YES_ERROR;
				CLANG_WARN_EMPTY_BODY = YES;
				CLANG_WARN_ENUM_CONVERSION = YES;
				CLANG_WARN_INT_CONVERSION = YES;
				CLANG_WARN_OBJC_ROOT_CLASS = YES_ERROR;
				CLANG_WARN_UNREACHABLE_CODE = YES;
				CLANG_WARN__DUPLICATE_METHOD_MATCH = YES;
				"CODE_SIGN_IDENTITY[sdk=iphoneos*]" = "iPhone Developer";
				COPY_PHASE_STRIP = NO;
				DEBUG_INFORMATION_FORMAT = "dwarf-with-dsym";
				ENABLE_NS_ASSERTIONS = NO;
				ENABLE_STRICT_OBJC_MSGSEND = YES;
				GCC_C_LANGUAGE_STANDARD = gnu99;
				GCC_NO_COMMON_BLOCKS = YES;
				GCC_WARN_64_TO_32_BIT_CONVERSION = YES;
				GCC_WARN_ABOUT_RETURN_TYPE = YES_ERROR;
				GCC_WARN_UNDECLARED_SELECTOR = YES;
				GCC_WARN_UNINITIALIZED_AUTOS = YES_AGGRESSIVE;
				GCC_WARN_UNUSED_FUNCTION = YES;
				GCC_WARN_UNUSED_VARIABLE = YES;
				IPHONEOS_DEPLOYMENT_TARGET = 9.0;
				MTL_ENABLE_DEBUG_INFO = NO;
				SDKROOT = iphoneos;
				VALIDATE_PRODUCT = YES;
			};
			name = Release;
		};
		B2D1ABA41BC411B300200250 /* Debug */ = {
			isa = XCBuildConfiguration;
			buildSettings = {
				ASSETCATALOG_COMPILER_APPICON_NAME = AppIcon;
				INFOPLIST_FILE = travisTest/Info.plist;
				LD_RUNPATH_SEARCH_PATHS = "$(inherited) @executable_path/Frameworks";
				PRODUCT_BUNDLE_IDENTIFIER = com.willowtreeapps.travisTest;
				PRODUCT_NAME = "$(TARGET_NAME)";
			};
			name = Debug;
		};
		B2D1ABA51BC411B300200250 /* Release */ = {
			isa = XCBuildConfiguration;
			buildSettings = {
				ASSETCATALOG_COMPILER_APPICON_NAME = AppIcon;
				INFOPLIST_FILE = travisTest/Info.plist;
				LD_RUNPATH_SEARCH_PATHS = "$(inherited) @executable_path/Frameworks";
				PRODUCT_BUNDLE_IDENTIFIER = com.willowtreeapps.travisTest;
				PRODUCT_NAME = "$(TARGET_NAME)";
			};
			name = Release;
		};
		B2D1ABA71BC411B300200250 /* Debug */ = {
			isa = XCBuildConfiguration;
			buildSettings = {
				BUNDLE_LOADER = "$(TEST_HOST)";
				INFOPLIST_FILE = travisTestTests/Info.plist;
				LD_RUNPATH_SEARCH_PATHS = "$(inherited) @executable_path/Frameworks @loader_path/Frameworks";
				PRODUCT_BUNDLE_IDENTIFIER = com.willowtreeapps.travisTestTests;
				PRODUCT_NAME = "$(TARGET_NAME)";
				TEST_HOST = "$(BUILT_PRODUCTS_DIR)/travisTest.app/travisTest";
			};
			name = Debug;
		};
		B2D1ABA81BC411B300200250 /* Release */ = {
			isa = XCBuildConfiguration;
			buildSettings = {
				BUNDLE_LOADER = "$(TEST_HOST)";
				INFOPLIST_FILE = travisTestTests/Info.plist;
				LD_RUNPATH_SEARCH_PATHS = "$(inherited) @executable_path/Frameworks @loader_path/Frameworks";
				PRODUCT_BUNDLE_IDENTIFIER = com.willowtreeapps.travisTestTests;
				PRODUCT_NAME = "$(TARGET_NAME)";
				TEST_HOST = "$(BUILT_PRODUCTS_DIR)/travisTest.app/travisTest";
			};
			name = Release;
		};
/* End XCBuildConfiguration section */

/* Begin XCConfigurationList section */
		B2D1AB811BC411B300200250 /* Build configuration list for PBXProject "travisTest" */ = {
			isa = XCConfigurationList;
			buildConfigurations = (
				B2D1ABA11BC411B300200250 /* Debug */,
				B2D1ABA21BC411B300200250 /* Release */,
			);
			defaultConfigurationIsVisible = 0;
			defaultConfigurationName = Release;
		};
		B2D1ABA31BC411B300200250 /* Build configuration list for PBXNativeTarget "travisTest" */ = {
			isa = XCConfigurationList;
			buildConfigurations = (
				B2D1ABA41BC411B300200250 /* Debug */,
				B2D1ABA51BC411B300200250 /* Release */,
			);
			defaultConfigurationIsVisible = 0;
		};
		B2D1ABA61BC411B300200250 /* Build configuration list for PBXNativeTarget "travisTestTests" */ = {
			isa = XCConfigurationList;
			buildConfigurations = (
				B2D1ABA71BC411B300200250 /* Debug */,
				B2D1ABA81BC411B300200250 /* Release */,
			);
			defaultConfigurationIsVisible = 0;
		};
/* End XCConfigurationList section */
	};
	rootObject = B2D1AB7E1BC411B300200250 /* Project object */;
}
